
Microsoft Visual Studio Solution File, Format Version 12.00
# Visual Studio Version 16
VisualStudioVersion = 16.0.31424.327
MinimumVisualStudioVersion = 10.0.40219.1
Project("{2150E333-8FDC-42A3-9474-1A3956D46DE8}") = "AccesoBD", "AccesoBD", "{4F9CF41F-7A68-414A-BAB8-73EEC3F2C769}"
EndProject
Project("{2150E333-8FDC-42A3-9474-1A3956D46DE8}") = "Negocio", "Negocio", "{B50F510F-429C-4DE1-BADE-5D2874B5A4B2}"
EndProject
Project("{2150E333-8FDC-42A3-9474-1A3956D46DE8}") = "Presentacion", "Presentacion", "{83AEF790-C25A-4C31-9644-0CF9E61F3CC9}"
EndProject
Project("{9A19103F-16F7-4668-BE54-9A1E7A4F7556}") = "Conexion", "Conexion\Conexion.csproj", "{3014ECFD-FA63-4031-989A-129691117222}"
EndProject
Project("{9A19103F-16F7-4668-BE54-9A1E7A4F7556}") = "Modelos", "Modelos\Modelos.csproj", "{55BABDBE-05FD-49A9-B66E-C1C3947F1E62}"
EndProject
Project("{9A19103F-16F7-4668-BE54-9A1E7A4F7556}") = "Acceso", "Acceso\Acceso.csproj", "{79DD8D80-D496-48ED-9960-AFF4C6CDD42E}"
EndProject
Project("{9A19103F-16F7-4668-BE54-9A1E7A4F7556}") = "AccesoTests1", "AccesoTests1\AccesoTests1.csproj", "{BA80AB91-80AB-4535-B0BE-861DFF41FFD9}"
EndProject
Project("{2150E333-8FDC-42A3-9474-1A3956D46DE8}") = "Test", "Test", "{73FB0717-3D62-4BDF-9A6C-1DE570081191}"
EndProject
Project("{FAE04EC0-301F-11D3-BF4B-00C04F79EFBC}") = "BL", "BL\BL.csproj", "{D4012DFB-86B4-40E7-93DF-B2D859B25BF5}"
EndProject
Project("{FAE04EC0-301F-11D3-BF4B-00C04F79EFBC}") = "Interfaces", "Interfaces\Interfaces.csproj", "{F8E56F85-CE06-45AD-9F03-238D871F63D2}"
EndProject
Global
	GlobalSection(SolutionConfigurationPlatforms) = preSolution
		Debug|Any CPU = Debug|Any CPU
		Release|Any CPU = Release|Any CPU
	EndGlobalSection
	GlobalSection(ProjectConfigurationPlatforms) = postSolution
		{3014ECFD-FA63-4031-989A-129691117222}.Debug|Any CPU.ActiveCfg = Debug|Any CPU
		{3014ECFD-FA63-4031-989A-129691117222}.Debug|Any CPU.Build.0 = Debug|Any CPU
		{3014ECFD-FA63-4031-989A-129691117222}.Release|Any CPU.ActiveCfg = Release|Any CPU
		{3014ECFD-FA63-4031-989A-129691117222}.Release|Any CPU.Build.0 = Release|Any CPU
		{55BABDBE-05FD-49A9-B66E-C1C3947F1E62}.Debug|Any CPU.ActiveCfg = Debug|Any CPU
		{55BABDBE-05FD-49A9-B66E-C1C3947F1E62}.Debug|Any CPU.Build.0 = Debug|Any CPU
		{55BABDBE-05FD-49A9-B66E-C1C3947F1E62}.Release|Any CPU.ActiveCfg = Release|Any CPU
		{55BABDBE-05FD-49A9-B66E-C1C3947F1E62}.Release|Any CPU.Build.0 = Release|Any CPU
		{79DD8D80-D496-48ED-9960-AFF4C6CDD42E}.Debug|Any CPU.ActiveCfg = Debug|Any CPU
		{79DD8D80-D496-48ED-9960-AFF4C6CDD42E}.Debug|Any CPU.Build.0 = Debug|Any CPU
		{79DD8D80-D496-48ED-9960-AFF4C6CDD42E}.Release|Any CPU.ActiveCfg = Release|Any CPU
		{79DD8D80-D496-48ED-9960-AFF4C6CDD42E}.Release|Any CPU.Build.0 = Release|Any CPU
		{BA80AB91-80AB-4535-B0BE-861DFF41FFD9}.Debug|Any CPU.ActiveCfg = Debug|Any CPU
		{BA80AB91-80AB-4535-B0BE-861DFF41FFD9}.Debug|Any CPU.Build.0 = Debug|Any CPU
		{BA80AB91-80AB-4535-B0BE-861DFF41FFD9}.Release|Any CPU.ActiveCfg = Release|Any CPU
		{BA80AB91-80AB-4535-B0BE-861DFF41FFD9}.Release|Any CPU.Build.0 = Release|Any CPU
		{D4012DFB-86B4-40E7-93DF-B2D859B25BF5}.Debug|Any CPU.ActiveCfg = Debug|Any CPU
		{D4012DFB-86B4-40E7-93DF-B2D859B25BF5}.Debug|Any CPU.Build.0 = Debug|Any CPU
		{D4012DFB-86B4-40E7-93DF-B2D859B25BF5}.Release|Any CPU.ActiveCfg = Release|Any CPU
		{D4012DFB-86B4-40E7-93DF-B2D859B25BF5}.Release|Any CPU.Build.0 = Release|Any CPU
		{F8E56F85-CE06-45AD-9F03-238D871F63D2}.Debug|Any CPU.ActiveCfg = Debug|Any CPU
		{F8E56F85-CE06-45AD-9F03-238D871F63D2}.Debug|Any CPU.Build.0 = Debug|Any CPU
		{F8E56F85-CE06-45AD-9F03-238D871F63D2}.Release|Any CPU.ActiveCfg = Release|Any CPU
		{F8E56F85-CE06-45AD-9F03-238D871F63D2}.Release|Any CPU.Build.0 = Release|Any CPU
	EndGlobalSection
	GlobalSection(SolutionProperties) = preSolution
		HideSolutionNode = FALSE
	EndGlobalSection
	GlobalSection(NestedProjects) = preSolution
		{3014ECFD-FA63-4031-989A-129691117222} = {4F9CF41F-7A68-414A-BAB8-73EEC3F2C769}
		{55BABDBE-05FD-49A9-B66E-C1C3947F1E62} = {4F9CF41F-7A68-414A-BAB8-73EEC3F2C769}
		{79DD8D80-D496-48ED-9960-AFF4C6CDD42E} = {4F9CF41F-7A68-414A-BAB8-73EEC3F2C769}
		{BA80AB91-80AB-4535-B0BE-861DFF41FFD9} = {73FB0717-3D62-4BDF-9A6C-1DE570081191}
		{D4012DFB-86B4-40E7-93DF-B2D859B25BF5} = {B50F510F-429C-4DE1-BADE-5D2874B5A4B2}
		{F8E56F85-CE06-45AD-9F03-238D871F63D2} = {83AEF790-C25A-4C31-9644-0CF9E61F3CC9}
	EndGlobalSection
	GlobalSection(ExtensibilityGlobals) = postSolution
		SolutionGuid = {23467F4E-74F7-4A11-90A2-31931C9B10C1}
	EndGlobalSection
EndGlobal
